
Microsoft Visual Studio Solution File, Format Version 12.00
# Visual Studio 2013
VisualStudioVersion = 12.0.21005.1
MinimumVisualStudioVersion = 10.0.40219.1
Project("{2150E333-8FDC-42A3-9474-1A3956D46DE8}") = "Lib", "Lib", "{1F244F85-ED5B-4A60-8372-7FB29642ED67}"
EndProject
Project("{2150E333-8FDC-42A3-9474-1A3956D46DE8}") = "Samples", "Samples", "{D5A7EC5A-A34E-4776-AD0B-062D9883DC85}"
EndProject
Project("{2150E333-8FDC-42A3-9474-1A3956D46DE8}") = "License", "License", "{13AED105-07F3-4658-B8E9-F3552813AFBC}"
	ProjectSection(SolutionItems) = preProject
		License\GeoARToolkit.licenseheader = License\GeoARToolkit.licenseheader
		License\MS-LPL License.txt = License\MS-LPL License.txt
	EndProjectSection
EndProject
Project("{2150E333-8FDC-42A3-9474-1A3956D46DE8}") = "Win8", "Win8", "{8BF673D7-C3BA-47DF-B330-047DEFC73418}"
EndProject
Project("{FAE04EC0-301F-11D3-BF4B-00C04F79EFBC}") = "GART.Win8.vs2013", "Lib\Win8\GART.Win8\GART.Win8.vs2013.csproj", "{AEB5E2AE-4ADE-45EA-BB17-3AA73EAFD38D}"
EndProject
Project("{2150E333-8FDC-42A3-9474-1A3956D46DE8}") = "Win8", "Win8", "{33ECDA2B-F55E-4186-BAA9-2DEED689044F}"
EndProject
Project("{FAE04EC0-301F-11D3-BF4B-00C04F79EFBC}") = "SimpleAR.vs2013", "Samples\Win8\SimpleAR\SimpleAR.vs2013.csproj", "{D2603EB8-807A-4679-88EB-8A37A90B0CFA}"
EndProject
Project("{2150E333-8FDC-42A3-9474-1A3956D46DE8}") = "WP8", "WP8", "{155CFC56-541E-4DE5-8140-BBFBE57CC5C2}"
EndProject
Project("{FAE04EC0-301F-11D3-BF4B-00C04F79EFBC}") = "GART.WP8.vs2013", "Lib\WP8\GART\GART.WP8.vs2013.csproj", "{AA180FA9-7AB0-40D3-B5C4-BEA4A76B0630}"
EndProject
Project("{2150E333-8FDC-42A3-9474-1A3956D46DE8}") = "WP8", "WP8", "{AB995BB5-F737-48F0-8657-52244E66C5DD}"
EndProject
Project("{FAE04EC0-301F-11D3-BF4B-00C04F79EFBC}") = "SimpleAR.vs2013", "Samples\WP8\SimpleAR\SimpleAR.vs2013.csproj", "{C89C5FFF-D2C5-449B-AE0C-C75162BEFEFD}"
EndProject
Project("{FAE04EC0-301F-11D3-BF4B-00C04F79EFBC}") = "BingAR.vs2013", "Samples\WP8\BingAR\BingAR.vs2013.csproj", "{1291CCE6-7272-4204-B3B3-B46E4E2583A5}"
EndProject
Global
	GlobalSection(TeamFoundationVersionControl) = preSolution
		SccNumberOfProjects = 6
		SccEnterpriseProvider = {4CA58AB2-18FA-4F8D-95D4-32DDF27D184C}
		SccTeamFoundationServer = https://tfs.codeplex.com/tfs/tfs06
		SccLocalPath0 = .
		SccProjectUniqueName1 = Lib\\Win8\\GART.Win8\\GART.Win8.vs2013.csproj
		SccProjectTopLevelParentUniqueName1 = GeoARToolkit.vs2013.sln
		SccProjectName1 = Lib/Win8/GART.Win8
		SccLocalPath1 = Lib\\Win8\\GART.Win8
		SccProjectUniqueName2 = Samples\\Win8\\SimpleAR\\SimpleAR.vs2013.csproj
		SccProjectTopLevelParentUniqueName2 = GeoARToolkit.vs2013.sln
		SccProjectName2 = Samples/Win8/SimpleAR
		SccLocalPath2 = Samples\\Win8\\SimpleAR
		SccProjectUniqueName3 = Lib\\WP8\\GART\\GART.WP8.vs2013.csproj
		SccProjectTopLevelParentUniqueName3 = GeoARToolkit.vs2013.sln
		SccProjectName3 = Lib/WP8/GART
		SccLocalPath3 = Lib\\WP8\\GART
		SccProjectUniqueName4 = Samples\\WP8\\SimpleAR\\SimpleAR.vs2013.csproj
		SccProjectTopLevelParentUniqueName4 = GeoARToolkit.vs2013.sln
		SccProjectName4 = Samples/WP8/SimpleAR
		SccLocalPath4 = Samples\\WP8\\SimpleAR
		SccProjectUniqueName5 = Samples\\WP8\\BingAR\\BingAR.vs2013.csproj
		SccProjectTopLevelParentUniqueName5 = GeoARToolkit.vs2013.sln
		SccProjectName5 = Samples/WP8/BingAR
		SccLocalPath5 = Samples\\WP8\\BingAR
	EndGlobalSection
	GlobalSection(SolutionConfigurationPlatforms) = preSolution
		Debug|Any CPU = Debug|Any CPU
		Debug|ARM = Debug|ARM
		Debug|x64 = Debug|x64
		Debug|x86 = Debug|x86
		Release|Any CPU = Release|Any CPU
		Release|ARM = Release|ARM
		Release|x64 = Release|x64
		Release|x86 = Release|x86
	EndGlobalSection
	GlobalSection(ProjectConfigurationPlatforms) = postSolution
		{AEB5E2AE-4ADE-45EA-BB17-3AA73EAFD38D}.Debug|Any CPU.ActiveCfg = Debug|Any CPU
		{AEB5E2AE-4ADE-45EA-BB17-3AA73EAFD38D}.Debug|Any CPU.Build.0 = Debug|Any CPU
		{AEB5E2AE-4ADE-45EA-BB17-3AA73EAFD38D}.Debug|ARM.ActiveCfg = Debug|ARM
		{AEB5E2AE-4ADE-45EA-BB17-3AA73EAFD38D}.Debug|ARM.Build.0 = Debug|ARM
		{AEB5E2AE-4ADE-45EA-BB17-3AA73EAFD38D}.Debug|x64.ActiveCfg = Debug|x64
		{AEB5E2AE-4ADE-45EA-BB17-3AA73EAFD38D}.Debug|x64.Build.0 = Debug|x64
		{AEB5E2AE-4ADE-45EA-BB17-3AA73EAFD38D}.Debug|x86.ActiveCfg = Debug|x86
		{AEB5E2AE-4ADE-45EA-BB17-3AA73EAFD38D}.Debug|x86.Build.0 = Debug|x86
		{AEB5E2AE-4ADE-45EA-BB17-3AA73EAFD38D}.Release|Any CPU.ActiveCfg = Release|Any CPU
		{AEB5E2AE-4ADE-45EA-BB17-3AA73EAFD38D}.Release|Any CPU.Build.0 = Release|Any CPU
		{AEB5E2AE-4ADE-45EA-BB17-3AA73EAFD38D}.Release|ARM.ActiveCfg = Release|ARM
		{AEB5E2AE-4ADE-45EA-BB17-3AA73EAFD38D}.Release|ARM.Build.0 = Release|ARM
		{AEB5E2AE-4ADE-45EA-BB17-3AA73EAFD38D}.Release|x64.ActiveCfg = Release|x64
		{AEB5E2AE-4ADE-45EA-BB17-3AA73EAFD38D}.Release|x64.Build.0 = Release|x64
		{AEB5E2AE-4ADE-45EA-BB17-3AA73EAFD38D}.Release|x86.ActiveCfg = Release|x86
		{AEB5E2AE-4ADE-45EA-BB17-3AA73EAFD38D}.Release|x86.Build.0 = Release|x86
		{D2603EB8-807A-4679-88EB-8A37A90B0CFA}.Debug|Any CPU.ActiveCfg = Debug|Any CPU
		{D2603EB8-807A-4679-88EB-8A37A90B0CFA}.Debug|Any CPU.Build.0 = Debug|Any CPU
		{D2603EB8-807A-4679-88EB-8A37A90B0CFA}.Debug|Any CPU.Deploy.0 = Debug|Any CPU
		{D2603EB8-807A-4679-88EB-8A37A90B0CFA}.Debug|ARM.ActiveCfg = Debug|ARM
		{D2603EB8-807A-4679-88EB-8A37A90B0CFA}.Debug|ARM.Build.0 = Debug|ARM
		{D2603EB8-807A-4679-88EB-8A37A90B0CFA}.Debug|x64.ActiveCfg = Debug|x64
		{D2603EB8-807A-4679-88EB-8A37A90B0CFA}.Debug|x64.Build.0 = Debug|x64
		{D2603EB8-807A-4679-88EB-8A37A90B0CFA}.Debug|x64.Deploy.0 = Debug|x64
		{D2603EB8-807A-4679-88EB-8A37A90B0CFA}.Debug|x86.ActiveCfg = Debug|x86
		{D2603EB8-807A-4679-88EB-8A37A90B0CFA}.Debug|x86.Build.0 = Debug|x86
		{D2603EB8-807A-4679-88EB-8A37A90B0CFA}.Debug|x86.Deploy.0 = Debug|x86
		{D2603EB8-807A-4679-88EB-8A37A90B0CFA}.Release|Any CPU.ActiveCfg = Release|Any CPU
		{D2603EB8-807A-4679-88EB-8A37A90B0CFA}.Release|Any CPU.Build.0 = Release|Any CPU
		{D2603EB8-807A-4679-88EB-8A37A90B0CFA}.Release|Any CPU.Deploy.0 = Release|Any CPU
		{D2603EB8-807A-4679-88EB-8A37A90B0CFA}.Release|ARM.ActiveCfg = Release|ARM
		{D2603EB8-807A-4679-88EB-8A37A90B0CFA}.Release|ARM.Build.0 = Release|ARM
		{D2603EB8-807A-4679-88EB-8A37A90B0CFA}.Release|ARM.Deploy.0 = Release|ARM
		{D2603EB8-807A-4679-88EB-8A37A90B0CFA}.Release|x64.ActiveCfg = Release|x64
		{D2603EB8-807A-4679-88EB-8A37A90B0CFA}.Release|x64.Build.0 = Release|x64
		{D2603EB8-807A-4679-88EB-8A37A90B0CFA}.Release|x64.Deploy.0 = Release|x64
		{D2603EB8-807A-4679-88EB-8A37A90B0CFA}.Release|x86.ActiveCfg = Release|x86
		{D2603EB8-807A-4679-88EB-8A37A90B0CFA}.Release|x86.Build.0 = Release|x86
		{D2603EB8-807A-4679-88EB-8A37A90B0CFA}.Release|x86.Deploy.0 = Release|x86
		{AA180FA9-7AB0-40D3-B5C4-BEA4A76B0630}.Debug|Any CPU.ActiveCfg = Debug|x86
		{AA180FA9-7AB0-40D3-B5C4-BEA4A76B0630}.Debug|ARM.ActiveCfg = Debug|ARM
		{AA180FA9-7AB0-40D3-B5C4-BEA4A76B0630}.Debug|ARM.Build.0 = Debug|ARM
		{AA180FA9-7AB0-40D3-B5C4-BEA4A76B0630}.Debug|x64.ActiveCfg = Debug|x86
		{AA180FA9-7AB0-40D3-B5C4-BEA4A76B0630}.Debug|x86.ActiveCfg = Debug|x86
		{AA180FA9-7AB0-40D3-B5C4-BEA4A76B0630}.Debug|x86.Build.0 = Debug|x86
		{AA180FA9-7AB0-40D3-B5C4-BEA4A76B0630}.Release|Any CPU.ActiveCfg = Release|x86
		{AA180FA9-7AB0-40D3-B5C4-BEA4A76B0630}.Release|ARM.ActiveCfg = Release|ARM
		{AA180FA9-7AB0-40D3-B5C4-BEA4A76B0630}.Release|ARM.Build.0 = Release|ARM
		{AA180FA9-7AB0-40D3-B5C4-BEA4A76B0630}.Release|x64.ActiveCfg = Release|x86
		{AA180FA9-7AB0-40D3-B5C4-BEA4A76B0630}.Release|x86.ActiveCfg = Release|x86
		{AA180FA9-7AB0-40D3-B5C4-BEA4A76B0630}.Release|x86.Build.0 = Release|x86
		{C89C5FFF-D2C5-449B-AE0C-C75162BEFEFD}.Debug|Any CPU.ActiveCfg = Debug|x86
		{C89C5FFF-D2C5-449B-AE0C-C75162BEFEFD}.Debug|ARM.ActiveCfg = Debug|ARM
		{C89C5FFF-D2C5-449B-AE0C-C75162BEFEFD}.Debug|ARM.Build.0 = Debug|ARM
		{C89C5FFF-D2C5-449B-AE0C-C75162BEFEFD}.Debug|ARM.Deploy.0 = Debug|ARM
		{C89C5FFF-D2C5-449B-AE0C-C75162BEFEFD}.Debug|x64.ActiveCfg = Debug|x86
		{C89C5FFF-D2C5-449B-AE0C-C75162BEFEFD}.Debug|x86.ActiveCfg = Debug|x86
		{C89C5FFF-D2C5-449B-AE0C-C75162BEFEFD}.Debug|x86.Build.0 = Debug|x86
		{C89C5FFF-D2C5-449B-AE0C-C75162BEFEFD}.Debug|x86.Deploy.0 = Debug|x86
		{C89C5FFF-D2C5-449B-AE0C-C75162BEFEFD}.Release|Any CPU.ActiveCfg = Release|x86
		{C89C5FFF-D2C5-449B-AE0C-C75162BEFEFD}.Release|ARM.ActiveCfg = Release|ARM
		{C89C5FFF-D2C5-449B-AE0C-C75162BEFEFD}.Release|ARM.Build.0 = Release|ARM
		{C89C5FFF-D2C5-449B-AE0C-C75162BEFEFD}.Release|ARM.Deploy.0 = Release|ARM
		{C89C5FFF-D2C5-449B-AE0C-C75162BEFEFD}.Release|x64.ActiveCfg = Release|x86
		{C89C5FFF-D2C5-449B-AE0C-C75162BEFEFD}.Release|x86.ActiveCfg = Release|x86
		{C89C5FFF-D2C5-449B-AE0C-C75162BEFEFD}.Release|x86.Build.0 = Release|x86
		{C89C5FFF-D2C5-449B-AE0C-C75162BEFEFD}.Release|x86.Deploy.0 = Release|x86
		{1291CCE6-7272-4204-B3B3-B46E4E2583A5}.Debug|Any CPU.ActiveCfg = Debug|Any CPU
		{1291CCE6-7272-4204-B3B3-B46E4E2583A5}.Debug|Any CPU.Build.0 = Debug|Any CPU
		{1291CCE6-7272-4204-B3B3-B46E4E2583A5}.Debug|Any CPU.Deploy.0 = Debug|Any CPU
		{1291CCE6-7272-4204-B3B3-B46E4E2583A5}.Debug|ARM.ActiveCfg = Debug|ARM
		{1291CCE6-7272-4204-B3B3-B46E4E2583A5}.Debug|ARM.Build.0 = Debug|ARM
		{1291CCE6-7272-4204-B3B3-B46E4E2583A5}.Debug|ARM.Deploy.0 = Debug|ARM
		{1291CCE6-7272-4204-B3B3-B46E4E2583A5}.Debug|x64.ActiveCfg = Debug|x64
		{1291CCE6-7272-4204-B3B3-B46E4E2583A5}.Debug|x64.Build.0 = Debug|x64
		{1291CCE6-7272-4204-B3B3-B46E4E2583A5}.Debug|x64.Deploy.0 = Debug|x64
		{1291CCE6-7272-4204-B3B3-B46E4E2583A5}.Debug|x86.ActiveCfg = Debug|x86
		{1291CCE6-7272-4204-B3B3-B46E4E2583A5}.Debug|x86.Build.0 = Debug|x86
		{1291CCE6-7272-4204-B3B3-B46E4E2583A5}.Debug|x86.Deploy.0 = Debug|x86
		{1291CCE6-7272-4204-B3B3-B46E4E2583A5}.Release|Any CPU.ActiveCfg = Release|Any CPU
		{1291CCE6-7272-4204-B3B3-B46E4E2583A5}.Release|Any CPU.Build.0 = Release|Any CPU
		{1291CCE6-7272-4204-B3B3-B46E4E2583A5}.Release|Any CPU.Deploy.0 = Release|Any CPU
		{1291CCE6-7272-4204-B3B3-B46E4E2583A5}.Release|ARM.ActiveCfg = Release|ARM
		{1291CCE6-7272-4204-B3B3-B46E4E2583A5}.Release|ARM.Build.0 = Release|ARM
		{1291CCE6-7272-4204-B3B3-B46E4E2583A5}.Release|ARM.Deploy.0 = Release|ARM
		{1291CCE6-7272-4204-B3B3-B46E4E2583A5}.Release|x64.ActiveCfg = Release|x64
		{1291CCE6-7272-4204-B3B3-B46E4E2583A5}.Release|x64.Build.0 = Release|x64
		{1291CCE6-7272-4204-B3B3-B46E4E2583A5}.Release|x64.Deploy.0 = Release|x64
		{1291CCE6-7272-4204-B3B3-B46E4E2583A5}.Release|x86.ActiveCfg = Release|x86
		{1291CCE6-7272-4204-B3B3-B46E4E2583A5}.Release|x86.Build.0 = Release|x86
		{1291CCE6-7272-4204-B3B3-B46E4E2583A5}.Release|x86.Deploy.0 = Release|x86
	EndGlobalSection
	GlobalSection(SolutionProperties) = preSolution
		HideSolutionNode = FALSE
	EndGlobalSection
	GlobalSection(NestedProjects) = preSolution
		{8BF673D7-C3BA-47DF-B330-047DEFC73418} = {1F244F85-ED5B-4A60-8372-7FB29642ED67}
		{155CFC56-541E-4DE5-8140-BBFBE57CC5C2} = {1F244F85-ED5B-4A60-8372-7FB29642ED67}
		{33ECDA2B-F55E-4186-BAA9-2DEED689044F} = {D5A7EC5A-A34E-4776-AD0B-062D9883DC85}
		{AB995BB5-F737-48F0-8657-52244E66C5DD} = {D5A7EC5A-A34E-4776-AD0B-062D9883DC85}
		{AEB5E2AE-4ADE-45EA-BB17-3AA73EAFD38D} = {8BF673D7-C3BA-47DF-B330-047DEFC73418}
		{D2603EB8-807A-4679-88EB-8A37A90B0CFA} = {33ECDA2B-F55E-4186-BAA9-2DEED689044F}
		{AA180FA9-7AB0-40D3-B5C4-BEA4A76B0630} = {155CFC56-541E-4DE5-8140-BBFBE57CC5C2}
		{C89C5FFF-D2C5-449B-AE0C-C75162BEFEFD} = {AB995BB5-F737-48F0-8657-52244E66C5DD}
		{1291CCE6-7272-4204-B3B3-B46E4E2583A5} = {AB995BB5-F737-48F0-8657-52244E66C5DD}
	EndGlobalSection
EndGlobal
